// !$*UTF8*$!
{
	archiveVersion = 1;
	classes = {
	};
	objectVersion = 46;
	objects = {

/* Begin PBXBuildFile section */
		259647A61CB9D1F400B2FD4D /* AppDelegate.swift in Sources */ = {isa = PBXBuildFile; fileRef = 259647A51CB9D1F400B2FD4D /* AppDelegate.swift */; };
		259647A81CB9D1F400B2FD4D /* ViewController.swift in Sources */ = {isa = PBXBuildFile; fileRef = 259647A71CB9D1F400B2FD4D /* ViewController.swift */; };
		259647AB1CB9D1F400B2FD4D /* Main.storyboard in Resources */ = {isa = PBXBuildFile; fileRef = 259647A91CB9D1F400B2FD4D /* Main.storyboard */; };
		259647AD1CB9D1F400B2FD4D /* Assets.xcassets in Resources */ = {isa = PBXBuildFile; fileRef = 259647AC1CB9D1F400B2FD4D /* Assets.xcassets */; };
		259647B01CB9D1F400B2FD4D /* LaunchScreen.storyboard in Resources */ = {isa = PBXBuildFile; fileRef = 259647AE1CB9D1F400B2FD4D /* LaunchScreen.storyboard */; };
		259647BB1CB9D1F500B2FD4D /* PokedexTests.swift in Sources */ = {isa = PBXBuildFile; fileRef = 259647BA1CB9D1F500B2FD4D /* PokedexTests.swift */; };
		259647C61CB9D1F500B2FD4D /* PokedexUITests.swift in Sources */ = {isa = PBXBuildFile; fileRef = 259647C51CB9D1F500B2FD4D /* PokedexUITests.swift */; };
/* End PBXBuildFile section */

/* Begin PBXContainerItemProxy section */
		259647B71CB9D1F500B2FD4D /* PBXContainerItemProxy */ = {
			isa = PBXContainerItemProxy;
			containerPortal = 2596479A1CB9D1F200B2FD4D /* Project object */;
			proxyType = 1;
			remoteGlobalIDString = 259647A11CB9D1F300B2FD4D;
			remoteInfo = Pokedex;
		};
		259647C21CB9D1F500B2FD4D /* PBXContainerItemProxy */ = {
			isa = PBXContainerItemProxy;
			containerPortal = 2596479A1CB9D1F200B2FD4D /* Project object */;
			proxyType = 1;
			remoteGlobalIDString = 259647A11CB9D1F300B2FD4D;
			remoteInfo = Pokedex;
		};
/* End PBXContainerItemProxy section */

/* Begin PBXFileReference section */
		259647A21CB9D1F300B2FD4D /* Pokedex.app */ = {isa = PBXFileReference; explicitFileType = wrapper.application; includeInIndex = 0; path = Pokedex.app; sourceTree = BUILT_PRODUCTS_DIR; };
		259647A51CB9D1F400B2FD4D /* AppDelegate.swift */ = {isa = PBXFileReference; lastKnownFileType = sourcecode.swift; path = AppDelegate.swift; sourceTree = "<group>"; };
		259647A71CB9D1F400B2FD4D /* ViewController.swift */ = {isa = PBXFileReference; lastKnownFileType = sourcecode.swift; path = ViewController.swift; sourceTree = "<group>"; };
		259647AA1CB9D1F400B2FD4D /* Base */ = {isa = PBXFileReference; lastKnownFileType = file.storyboard; name = Base; path = Base.lproj/Main.storyboard; sourceTree = "<group>"; };
		259647AC1CB9D1F400B2FD4D /* Assets.xcassets */ = {isa = PBXFileReference; lastKnownFileType = folder.assetcatalog; path = Assets.xcassets; sourceTree = "<group>"; };
		259647AF1CB9D1F400B2FD4D /* Base */ = {isa = PBXFileReference; lastKnownFileType = file.storyboard; name = Base; path = Base.lproj/LaunchScreen.storyboard; sourceTree = "<group>"; };
		259647B11CB9D1F400B2FD4D /* Info.plist */ = {isa = PBXFileReference; lastKnownFileType = text.plist.xml; path = Info.plist; sourceTree = "<group>"; };
		259647B61CB9D1F500B2FD4D /* PokedexTests.xctest */ = {isa = PBXFileReference; explicitFileType = wrapper.cfbundle; includeInIndex = 0; path = PokedexTests.xctest; sourceTree = BUILT_PRODUCTS_DIR; };
		259647BA1CB9D1F500B2FD4D /* PokedexTests.swift */ = {isa = PBXFileReference; lastKnownFileType = sourcecode.swift; path = PokedexTests.swift; sourceTree = "<group>"; };
		259647BC1CB9D1F500B2FD4D /* Info.plist */ = {isa = PBXFileReference; lastKnownFileType = text.plist.xml; path = Info.plist; sourceTree = "<group>"; };
		259647C11CB9D1F500B2FD4D /* PokedexUITests.xctest */ = {isa = PBXFileReference; explicitFileType = wrapper.cfbundle; includeInIndex = 0; path = PokedexUITests.xctest; sourceTree = BUILT_PRODUCTS_DIR; };
		259647C51CB9D1F500B2FD4D /* PokedexUITests.swift */ = {isa = PBXFileReference; lastKnownFileType = sourcecode.swift; path = PokedexUITests.swift; sourceTree = "<group>"; };
		259647C71CB9D1F500B2FD4D /* Info.plist */ = {isa = PBXFileReference; lastKnownFileType = text.plist.xml; path = Info.plist; sourceTree = "<group>"; };
/* End PBXFileReference section */

/* Begin PBXFrameworksBuildPhase section */
		2596479F1CB9D1F300B2FD4D /* Frameworks */ = {
			isa = PBXFrameworksBuildPhase;
			buildActionMask = 2147483647;
			files = (
			);
			runOnlyForDeploymentPostprocessing = 0;
		};
		259647B31CB9D1F500B2FD4D /* Frameworks */ = {
			isa = PBXFrameworksBuildPhase;
			buildActionMask = 2147483647;
			files = (
			);
			runOnlyForDeploymentPostprocessing = 0;
		};
		259647BE1CB9D1F500B2FD4D /* Frameworks */ = {
			isa = PBXFrameworksBuildPhase;
			buildActionMask = 2147483647;
			files = (
			);
			runOnlyForDeploymentPostprocessing = 0;
		};
/* End PBXFrameworksBuildPhase section */

/* Begin PBXGroup section */
		259647991CB9D1F200B2FD4D = {
			isa = PBXGroup;
			children = (
				259647A41CB9D1F300B2FD4D /* Pokedex */,
				259647B91CB9D1F500B2FD4D /* PokedexTests */,
				259647C41CB9D1F500B2FD4D /* PokedexUITests */,
				259647A31CB9D1F300B2FD4D /* Products */,
			);
			sourceTree = "<group>";
		};
		259647A31CB9D1F300B2FD4D /* Products */ = {
			isa = PBXGroup;
			children = (
				259647A21CB9D1F300B2FD4D /* Pokedex.app */,
				259647B61CB9D1F500B2FD4D /* PokedexTests.xctest */,
				259647C11CB9D1F500B2FD4D /* PokedexUITests.xctest */,
			);
			name = Products;
			sourceTree = "<group>";
		};
		259647A41CB9D1F300B2FD4D /* Pokedex */ = {
			isa = PBXGroup;
			children = (
				259647A51CB9D1F400B2FD4D /* AppDelegate.swift */,
				259647A71CB9D1F400B2FD4D /* ViewController.swift */,
				259647A91CB9D1F400B2FD4D /* Main.storyboard */,
				259647AC1CB9D1F400B2FD4D /* Assets.xcassets */,
				259647AE1CB9D1F400B2FD4D /* LaunchScreen.storyboard */,
				259647B11CB9D1F400B2FD4D /* Info.plist */,
			);
			path = Pokedex;
			sourceTree = "<group>";
		};
		259647B91CB9D1F500B2FD4D /* PokedexTests */ = {
			isa = PBXGroup;
			children = (
				259647BA1CB9D1F500B2FD4D /* PokedexTests.swift */,
				259647BC1CB9D1F500B2FD4D /* Info.plist */,
			);
			path = PokedexTests;
			sourceTree = "<group>";
		};
		259647C41CB9D1F500B2FD4D /* PokedexUITests */ = {
			isa = PBXGroup;
			children = (
				259647C51CB9D1F500B2FD4D /* PokedexUITests.swift */,
				259647C71CB9D1F500B2FD4D /* Info.plist */,
			);
			path = PokedexUITests;
			sourceTree = "<group>";
		};
/* End PBXGroup section */

/* Begin PBXNativeTarget section */
		259647A11CB9D1F300B2FD4D /* Pokedex */ = {
			isa = PBXNativeTarget;
			buildConfigurationList = 259647CA1CB9D1F500B2FD4D /* Build configuration list for PBXNativeTarget "Pokedex" */;
			buildPhases = (
				2596479E1CB9D1F300B2FD4D /* Sources */,
				2596479F1CB9D1F300B2FD4D /* Frameworks */,
				259647A01CB9D1F300B2FD4D /* Resources */,
			);
			buildRules = (
			);
			dependencies = (
			);
			name = Pokedex;
			productName = Pokedex;
			productReference = 259647A21CB9D1F300B2FD4D /* Pokedex.app */;
			productType = "com.apple.product-type.application";
		};
		259647B51CB9D1F500B2FD4D /* PokedexTests */ = {
			isa = PBXNativeTarget;
			buildConfigurationList = 259647CD1CB9D1F500B2FD4D /* Build configuration list for PBXNativeTarget "PokedexTests" */;
			buildPhases = (
				259647B21CB9D1F500B2FD4D /* Sources */,
				259647B31CB9D1F500B2FD4D /* Frameworks */,
				259647B41CB9D1F500B2FD4D /* Resources */,
			);
			buildRules = (
			);
			dependencies = (
				259647B81CB9D1F500B2FD4D /* PBXTargetDependency */,
			);
			name = PokedexTests;
			productName = PokedexTests;
			productReference = 259647B61CB9D1F500B2FD4D /* PokedexTests.xctest */;
			productType = "com.apple.product-type.bundle.unit-test";
		};
		259647C01CB9D1F500B2FD4D /* PokedexUITests */ = {
			isa = PBXNativeTarget;
			buildConfigurationList = 259647D01CB9D1F500B2FD4D /* Build configuration list for PBXNativeTarget "PokedexUITests" */;
			buildPhases = (
				259647BD1CB9D1F500B2FD4D /* Sources */,
				259647BE1CB9D1F500B2FD4D /* Frameworks */,
				259647BF1CB9D1F500B2FD4D /* Resources */,
			);
			buildRules = (
			);
			dependencies = (
				259647C31CB9D1F500B2FD4D /* PBXTargetDependency */,
			);
			name = PokedexUITests;
			productName = PokedexUITests;
			productReference = 259647C11CB9D1F500B2FD4D /* PokedexUITests.xctest */;
			productType = "com.apple.product-type.bundle.ui-testing";
		};
/* End PBXNativeTarget section */

/* Begin PBXProject section */
		2596479A1CB9D1F200B2FD4D /* Project object */ = {
			isa = PBXProject;
			attributes = {
				LastSwiftUpdateCheck = 0730;
				LastUpgradeCheck = 0730;
				ORGANIZATIONNAME = "Matthew Bracamonte";
				TargetAttributes = {
					259647A11CB9D1F300B2FD4D = {
						CreatedOnToolsVersion = 7.3;
						DevelopmentTeam = 24GL6B5375;
					};
					259647B51CB9D1F500B2FD4D = {
						CreatedOnToolsVersion = 7.3;
						DevelopmentTeam = 24GL6B5375;
						TestTargetID = 259647A11CB9D1F300B2FD4D;
					};
					259647C01CB9D1F500B2FD4D = {
						CreatedOnToolsVersion = 7.3;
						DevelopmentTeam = 24GL6B5375;
						TestTargetID = 259647A11CB9D1F300B2FD4D;
					};
				};
			};
			buildConfigurationList = 2596479D1CB9D1F200B2FD4D /* Build configuration list for PBXProject "Pokedex" */;
			compatibilityVersion = "Xcode 3.2";
			developmentRegion = English;
			hasScannedForEncodings = 0;
			knownRegions = (
				en,
				Base,
			);
			mainGroup = 259647991CB9D1F200B2FD4D;
			productRefGroup = 259647A31CB9D1F300B2FD4D /* Products */;
			projectDirPath = "";
			projectRoot = "";
			targets = (
				259647A11CB9D1F300B2FD4D /* Pokedex */,
				259647B51CB9D1F500B2FD4D /* PokedexTests */,
				259647C01CB9D1F500B2FD4D /* PokedexUITests */,
			);
		};
/* End PBXProject section */

/* Begin PBXResourcesBuildPhase section */
		259647A01CB9D1F300B2FD4D /* Resources */ = {
			isa = PBXResourcesBuildPhase;
			buildActionMask = 2147483647;
			files = (
				259647B01CB9D1F400B2FD4D /* LaunchScreen.storyboard in Resources */,
				259647AD1CB9D1F400B2FD4D /* Assets.xcassets in Resources */,
				259647AB1CB9D1F400B2FD4D /* Main.storyboard in Resources */,
			);
			runOnlyForDeploymentPostprocessing = 0;
		};
		259647B41CB9D1F500B2FD4D /* Resources */ = {
			isa = PBXResourcesBuildPhase;
			buildActionMask = 2147483647;
			files = (
			);
			runOnlyForDeploymentPostprocessing = 0;
		};
		259647BF1CB9D1F500B2FD4D /* Resources */ = {
			isa = PBXResourcesBuildPhase;
			buildActionMask = 2147483647;
			files = (
			);
			runOnlyForDeploymentPostprocessing = 0;
		};
/* End PBXResourcesBuildPhase section */

/* Begin PBXSourcesBuildPhase section */
		2596479E1CB9D1F300B2FD4D /* Sources */ = {
			isa = PBXSourcesBuildPhase;
			buildActionMask = 2147483647;
			files = (
				259647A81CB9D1F400B2FD4D /* ViewController.swift in Sources */,
				259647A61CB9D1F400B2FD4D /* AppDelegate.swift in Sources */,
			);
			runOnlyForDeploymentPostprocessing = 0;
		};
		259647B21CB9D1F500B2FD4D /* Sources */ = {
			isa = PBXSourcesBuildPhase;
			buildActionMask = 2147483647;
			files = (
				259647BB1CB9D1F500B2FD4D /* PokedexTests.swift in Sources */,
			);
			runOnlyForDeploymentPostprocessing = 0;
		};
		259647BD1CB9D1F500B2FD4D /* Sources */ = {
			isa = PBXSourcesBuildPhase;
			buildActionMask = 2147483647;
			files = (
				259647C61CB9D1F500B2FD4D /* PokedexUITests.swift in Sources */,
			);
			runOnlyForDeploymentPostprocessing = 0;
		};
/* End PBXSourcesBuildPhase section */

/* Begin PBXTargetDependency section */
		259647B81CB9D1F500B2FD4D /* PBXTargetDependency */ = {
			isa = PBXTargetDependency;
			target = 259647A11CB9D1F300B2FD4D /* Pokedex */;
			targetProxy = 259647B71CB9D1F500B2FD4D /* PBXContainerItemProxy */;
		};
		259647C31CB9D1F500B2FD4D /* PBXTargetDependency */ = {
			isa = PBXTargetDependency;
			target = 259647A11CB9D1F300B2FD4D /* Pokedex */;
			targetProxy = 259647C21CB9D1F500B2FD4D /* PBXContainerItemProxy */;
		};
/* End PBXTargetDependency section */

/* Begin PBXVariantGroup section */
		259647A91CB9D1F400B2FD4D /* Main.storyboard */ = {
			isa = PBXVariantGroup;
			children = (
				259647AA1CB9D1F400B2FD4D /* Base */,
			);
			name = Main.storyboard;
			sourceTree = "<group>";
		};
		259647AE1CB9D1F400B2FD4D /* LaunchScreen.storyboard */ = {
			isa = PBXVariantGroup;
			children = (
				259647AF1CB9D1F400B2FD4D /* Base */,
			);
			name = LaunchScreen.storyboard;
			sourceTree = "<group>";
		};
/* End PBXVariantGroup section */

/* Begin XCBuildConfiguration section */
		259647C81CB9D1F500B2FD4D /* Debug */ = {
			isa = XCBuildConfiguration;
			buildSettings = {
				ALWAYS_SEARCH_USER_PATHS = NO;
				CLANG_ANALYZER_NONNULL = YES;
				CLANG_CXX_LANGUAGE_STANDARD = "gnu++0x";
				CLANG_CXX_LIBRARY = "libc++";
				CLANG_ENABLE_MODULES = YES;
				CLANG_ENABLE_OBJC_ARC = YES;
				CLANG_WARN_BOOL_CONVERSION = YES;
				CLANG_WARN_CONSTANT_CONVERSION = YES;
				CLANG_WARN_DIRECT_OBJC_ISA_USAGE = YES_ERROR;
				CLANG_WARN_EMPTY_BODY = YES;
				CLANG_WARN_ENUM_CONVERSION = YES;
				CLANG_WARN_INT_CONVERSION = YES;
				CLANG_WARN_OBJC_ROOT_CLASS = YES_ERROR;
				CLANG_WARN_UNREACHABLE_CODE = YES;
				CLANG_WARN__DUPLICATE_METHOD_MATCH = YES;
				"CODE_SIGN_IDENTITY[sdk=iphoneos*]" = "iPhone Developer";
				COPY_PHASE_STRIP = NO;
				DEBUG_INFORMATION_FORMAT = dwarf;
				ENABLE_STRICT_OBJC_MSGSEND = YES;
				ENABLE_TESTABILITY = YES;
				GCC_C_LANGUAGE_STANDARD = gnu99;
				GCC_DYNAMIC_NO_PIC = NO;
				GCC_NO_COMMON_BLOCKS = YES;
				GCC_OPTIMIZATION_LEVEL = 0;
				GCC_PREPROCESSOR_DEFINITIONS = (
					"DEBUG=1",
					"$(inherited)",
				);
				GCC_WARN_64_TO_32_BIT_CONVERSION = YES;
				GCC_WARN_ABOUT_RETURN_TYPE = YES_ERROR;
				GCC_WARN_UNDECLARED_SELECTOR = YES;
				GCC_WARN_UNINITIALIZED_AUTOS = YES_AGGRESSIVE;
				GCC_WARN_UNUSED_FUNCTION = YES;
				GCC_WARN_UNUSED_VARIABLE = YES;
				IPHONEOS_DEPLOYMENT_TARGET = 9.3;
				MTL_ENABLE_DEBUG_INFO = YES;
				ONLY_ACTIVE_ARCH = YES;
				SDKROOT = iphoneos;
				SWIFT_OPTIMIZATION_LEVEL = "-Onone";
				TARGETED_DEVICE_FAMILY = "1,2";
			};
			name = Debug;
		};
		259647C91CB9D1F500B2FD4D /* Release */ = {
			isa = XCBuildConfiguration;
			buildSettings = {
				ALWAYS_SEARCH_USER_PATHS = NO;
				CLANG_ANALYZER_NONNULL = YES;
				CLANG_CXX_LANGUAGE_STANDARD = "gnu++0x";
				CLANG_CXX_LIBRARY = "libc++";
				CLANG_ENABLE_MODULES = YES;
				CLANG_ENABLE_OBJC_ARC = YES;
				CLANG_WARN_BOOL_CONVERSION = YES;
				CLANG_WARN_CONSTANT_CONVERSION = YES;
				CLANG_WARN_DIRECT_OBJC_ISA_USAGE = YES_ERROR;
				CLANG_WARN_EMPTY_BODY = YES;
				CLANG_WARN_ENUM_CONVERSION = YES;
				CLANG_WARN_INT_CONVERSION = YES;
				CLANG_WARN_OBJC_ROOT_CLASS = YES_ERROR;
				CLANG_WARN_UNREACHABLE_CODE = YES;
				CLANG_WARN__DUPLICATE_METHOD_MATCH = YES;
				"CODE_SIGN_IDENTITY[sdk=iphoneos*]" = "iPhone Developer";
				COPY_PHASE_STRIP = NO;
				DEBUG_INFORMATION_FORMAT = "dwarf-with-dsym";
				ENABLE_NS_ASSERTIONS = NO;
				ENABLE_STRICT_OBJC_MSGSEND = YES;
				GCC_C_LANGUAGE_STANDARD = gnu99;
				GCC_NO_COMMON_BLOCKS = YES;
				GCC_WARN_64_TO_32_BIT_CONVERSION = YES;
				GCC_WARN_ABOUT_RETURN_TYPE = YES_ERROR;
				GCC_WARN_UNDECLARED_SELECTOR = YES;
				GCC_WARN_UNINITIALIZED_AUTOS = YES_AGGRESSIVE;
				GCC_WARN_UNUSED_FUNCTION = YES;
				GCC_WARN_UNUSED_VARIABLE = YES;
				IPHONEOS_DEPLOYMENT_TARGET = 9.3;
				MTL_ENABLE_DEBUG_INFO = NO;
				SDKROOT = iphoneos;
				TARGETED_DEVICE_FAMILY = "1,2";
				VALIDATE_PRODUCT = YES;
			};
			name = Release;
		};
		259647CB1CB9D1F500B2FD4D /* Debug */ = {
			isa = XCBuildConfiguration;
			buildSettings = {
				ASSETCATALOG_COMPILER_APPICON_NAME = AppIcon;
				INFOPLIST_FILE = Pokedex/Info.plist;
				LD_RUNPATH_SEARCH_PATHS = "$(inherited) @executable_path/Frameworks";
				PRODUCT_BUNDLE_IDENTIFIER = MatthewBracamonte.Pokedex;
				PRODUCT_NAME = "$(TARGET_NAME)";
			};
			name = Debug;
		};
		259647CC1CB9D1F500B2FD4D /* Release */ = {
			isa = XCBuildConfiguration;
			buildSettings = {
				ASSETCATALOG_COMPILER_APPICON_NAME = AppIcon;
				INFOPLIST_FILE = Pokedex/Info.plist;
				LD_RUNPATH_SEARCH_PATHS = "$(inherited) @executable_path/Frameworks";
				PRODUCT_BUNDLE_IDENTIFIER = MatthewBracamonte.Pokedex;
				PRODUCT_NAME = "$(TARGET_NAME)";
			};
			name = Release;
		};
		259647CE1CB9D1F500B2FD4D /* Debug */ = {
			isa = XCBuildConfiguration;
			buildSettings = {
				BUNDLE_LOADER = "$(TEST_HOST)";
				INFOPLIST_FILE = PokedexTests/Info.plist;
				LD_RUNPATH_SEARCH_PATHS = "$(inherited) @executable_path/Frameworks @loader_path/Frameworks";
				PRODUCT_BUNDLE_IDENTIFIER = MatthewBracamonte.PokedexTests;
				PRODUCT_NAME = "$(TARGET_NAME)";
				TEST_HOST = "$(BUILT_PRODUCTS_DIR)/Pokedex.app/Pokedex";
			};
			name = Debug;
		};
		259647CF1CB9D1F500B2FD4D /* Release */ = {
			isa = XCBuildConfiguration;
			buildSettings = {
				BUNDLE_LOADER = "$(TEST_HOST)";
				INFOPLIST_FILE = PokedexTests/Info.plist;
				LD_RUNPATH_SEARCH_PATHS = "$(inherited) @executable_path/Frameworks @loader_path/Frameworks";
				PRODUCT_BUNDLE_IDENTIFIER = MatthewBracamonte.PokedexTests;
				PRODUCT_NAME = "$(TARGET_NAME)";
				TEST_HOST = "$(BUILT_PRODUCTS_DIR)/Pokedex.app/Pokedex";
			};
			name = Release;
		};
		259647D11CB9D1F500B2FD4D /* Debug */ = {
			isa = XCBuildConfiguration;
			buildSettings = {
				INFOPLIST_FILE = PokedexUITests/Info.plist;
				LD_RUNPATH_SEARCH_PATHS = "$(inherited) @executable_path/Frameworks @loader_path/Frameworks";
				PRODUCT_BUNDLE_IDENTIFIER = MatthewBracamonte.PokedexUITests;
				PRODUCT_NAME = "$(TARGET_NAME)";
				TEST_TARGET_NAME = Pokedex;
			};
			name = Debug;
		};
		259647D21CB9D1F500B2FD4D /* Release */ = {
			isa = XCBuildConfiguration;
			buildSettings = {
				INFOPLIST_FILE = PokedexUITests/Info.plist;
				LD_RUNPATH_SEARCH_PATHS = "$(inherited) @executable_path/Frameworks @loader_path/Frameworks";
				PRODUCT_BUNDLE_IDENTIFIER = MatthewBracamonte.PokedexUITests;
				PRODUCT_NAME = "$(TARGET_NAME)";
				TEST_TARGET_NAME = Pokedex;
			};
			name = Release;
		};
/* End XCBuildConfiguration section */

/* Begin XCConfigurationList section */
		2596479D1CB9D1F200B2FD4D /* Build configuration list for PBXProject "Pokedex" */ = {
			isa = XCConfigurationList;
			buildConfigurations = (
				259647C81CB9D1F500B2FD4D /* Debug */,
				259647C91CB9D1F500B2FD4D /* Release */,
			);
			defaultConfigurationIsVisible = 0;
			defaultConfigurationName = Release;
		};
		259647CA1CB9D1F500B2FD4D /* Build configuration list for PBXNativeTarget "Pokedex" */ = {
			isa = XCConfigurationList;
			buildConfigurations = (
				259647CB1CB9D1F500B2FD4D /* Debug */,
				259647CC1CB9D1F500B2FD4D /* Release */,
			);
			defaultConfigurationIsVisible = 0;
		};
		259647CD1CB9D1F500B2FD4D /* Build configuration list for PBXNativeTarget "PokedexTests" */ = {
			isa = XCConfigurationList;
			buildConfigurations = (
				259647CE1CB9D1F500B2FD4D /* Debug */,
				259647CF1CB9D1F500B2FD4D /* Release */,
			);
			defaultConfigurationIsVisible = 0;
		};
		259647D01CB9D1F500B2FD4D /* Build configuration list for PBXNativeTarget "PokedexUITests" */ = {
			isa = XCConfigurationList;
			buildConfigurations = (
				259647D11CB9D1F500B2FD4D /* Debug */,
				259647D21CB9D1F500B2FD4D /* Release */,
			);
			defaultConfigurationIsVisible = 0;
		};
/* End XCConfigurationList section */
	};
	rootObject = 2596479A1CB9D1F200B2FD4D /* Project object */;
}
